
Microsoft Visual Studio Solution File, Format Version 12.00
# Visual Studio Version 16
VisualStudioVersion = 16.0.32106.194
MinimumVisualStudioVersion = 10.0.40219.1
Project("{FAE04EC0-301F-11D3-BF4B-00C04F79EFBC}") = "MvcCoreEntregaContinua", "MvcCoreEntregaContinua\MvcCoreEntregaContinua.csproj", "{87546555-2717-4B4A-9608-E2521F57426E}"
EndProject
Global
	GlobalSection(SolutionConfigurationPlatforms) = preSolution
		Debug|Any CPU = Debug|Any CPU
		Release|Any CPU = Release|Any CPU
	EndGlobalSection
	GlobalSection(ProjectConfigurationPlatforms) = postSolution
		{87546555-2717-4B4A-9608-E2521F57426E}.Debug|Any CPU.ActiveCfg = Debug|Any CPU
		{87546555-2717-4B4A-9608-E2521F57426E}.Debug|Any CPU.Build.0 = Debug|Any CPU
		{87546555-2717-4B4A-9608-E2521F57426E}.Release|Any CPU.ActiveCfg = Release|Any CPU
		{87546555-2717-4B4A-9608-E2521F57426E}.Release|Any CPU.Build.0 = Release|Any CPU
	EndGlobalSection
	GlobalSection(SolutionProperties) = preSolution
		HideSolutionNode = FALSE
	EndGlobalSection
	GlobalSection(ExtensibilityGlobals) = postSolution
		SolutionGuid = {9015E502-19F6-4DEE-935F-4AE3A1B997BE}
	EndGlobalSection
EndGlobal
